// !$*UTF8*$!
{
	archiveVersion = 1;
	classes = {
	};
	objectVersion = 46;
	objects = {

/* Begin PBXBuildFile section */
		5B61B7821F5C185F00C7B65B /* JpegParser.h in Headers */ = {isa = PBXBuildFile; fileRef = 5B61B7811F5C185F00C7B65B /* JpegParser.h */; };
		5B61B7841F5C186900C7B65B /* JpegParser.cpp in Sources */ = {isa = PBXBuildFile; fileRef = 5B61B7831F5C186900C7B65B /* JpegParser.cpp */; };
/* End PBXBuildFile section */

/* Begin PBXFileReference section */
		5B61B7811F5C185F00C7B65B /* JpegParser.h */ = {isa = PBXFileReference; fileEncoding = 4; lastKnownFileType = sourcecode.c.h; lineEnding = 2; name = JpegParser.h; path = ../header/JpegParser.h; sourceTree = "<group>"; };
		5B61B7831F5C186900C7B65B /* JpegParser.cpp */ = {isa = PBXFileReference; fileEncoding = 4; lastKnownFileType = sourcecode.cpp.cpp; lineEnding = 2; name = JpegParser.cpp; path = ../source/JpegParser.cpp; sourceTree = "<group>"; };
		5BAB49561F5AB96B00CC6AAB /* libJpegExifEditor-Core.dylib */ = {isa = PBXFileReference; explicitFileType = "compiled.mach-o.dylib"; includeInIndex = 0; path = "libJpegExifEditor-Core.dylib"; sourceTree = BUILT_PRODUCTS_DIR; };
/* End PBXFileReference section */

/* Begin PBXFrameworksBuildPhase section */
		5BAB49531F5AB96B00CC6AAB /* Frameworks */ = {
			isa = PBXFrameworksBuildPhase;
			buildActionMask = 2147483647;
			files = (
			);
			runOnlyForDeploymentPostprocessing = 0;
		};
/* End PBXFrameworksBuildPhase section */

/* Begin PBXGroup section */
		5B13FA521F5ABA0300D62492 /* header */ = {
			isa = PBXGroup;
			children = (
				5B61B7811F5C185F00C7B65B /* JpegParser.h */,
			);
			name = header;
			sourceTree = "<group>";
		};
		5B13FA531F5ABA1B00D62492 /* source */ = {
			isa = PBXGroup;
			children = (
				5B61B7831F5C186900C7B65B /* JpegParser.cpp */,
			);
			name = source;
			sourceTree = "<group>";
		};
		5BAB494D1F5AB96B00CC6AAB = {
			isa = PBXGroup;
			children = (
				5B13FA531F5ABA1B00D62492 /* source */,
				5B13FA521F5ABA0300D62492 /* header */,
				5BAB49571F5AB96B00CC6AAB /* Products */,
			);
			sourceTree = "<group>";
		};
		5BAB49571F5AB96B00CC6AAB /* Products */ = {
			isa = PBXGroup;
			children = (
				5BAB49561F5AB96B00CC6AAB /* libJpegExifEditor-Core.dylib */,
			);
			name = Products;
			sourceTree = "<group>";
		};
/* End PBXGroup section */

/* Begin PBXHeadersBuildPhase section */
		5BAB49541F5AB96B00CC6AAB /* Headers */ = {
			isa = PBXHeadersBuildPhase;
			buildActionMask = 2147483647;
			files = (
				5B61B7821F5C185F00C7B65B /* JpegParser.h in Headers */,
			);
			runOnlyForDeploymentPostprocessing = 0;
		};
/* End PBXHeadersBuildPhase section */

/* Begin PBXNativeTarget section */
		5BAB49551F5AB96B00CC6AAB /* JpegExifEditor-Core */ = {
			isa = PBXNativeTarget;
			buildConfigurationList = 5BAB495A1F5AB96B00CC6AAB /* Build configuration list for PBXNativeTarget "JpegExifEditor-Core" */;
			buildPhases = (
				5BAB49521F5AB96B00CC6AAB /* Sources */,
				5BAB49531F5AB96B00CC6AAB /* Frameworks */,
				5BAB49541F5AB96B00CC6AAB /* Headers */,
			);
			buildRules = (
			);
			dependencies = (
			);
			name = "JpegExifEditor-Core";
			productName = "JpegExifEditor-Core";
			productReference = 5BAB49561F5AB96B00CC6AAB /* libJpegExifEditor-Core.dylib */;
			productType = "com.apple.product-type.library.dynamic";
		};
/* End PBXNativeTarget section */

/* Begin PBXProject section */
		5BAB494E1F5AB96B00CC6AAB /* Project object */ = {
			isa = PBXProject;
			attributes = {
				LastUpgradeCheck = 0830;
				ORGANIZATIONNAME = gaucho1218;
				TargetAttributes = {
					5BAB49551F5AB96B00CC6AAB = {
						CreatedOnToolsVersion = 8.3.3;
						ProvisioningStyle = Automatic;
					};
				};
			};
			buildConfigurationList = 5BAB49511F5AB96B00CC6AAB /* Build configuration list for PBXProject "JpegExifEditor-Core" */;
			compatibilityVersion = "Xcode 3.2";
			developmentRegion = English;
			hasScannedForEncodings = 0;
			knownRegions = (
				en,
			);
			mainGroup = 5BAB494D1F5AB96B00CC6AAB;
			productRefGroup = 5BAB49571F5AB96B00CC6AAB /* Products */;
			projectDirPath = "";
			projectRoot = "";
			targets = (
				5BAB49551F5AB96B00CC6AAB /* JpegExifEditor-Core */,
			);
		};
/* End PBXProject section */

/* Begin PBXSourcesBuildPhase section */
		5BAB49521F5AB96B00CC6AAB /* Sources */ = {
			isa = PBXSourcesBuildPhase;
			buildActionMask = 2147483647;
			files = (
				5B61B7841F5C186900C7B65B /* JpegParser.cpp in Sources */,
			);
			runOnlyForDeploymentPostprocessing = 0;
		};
/* End PBXSourcesBuildPhase section */

/* Begin XCBuildConfiguration section */
		5BAB49581F5AB96B00CC6AAB /* Debug */ = {
			isa = XCBuildConfiguration;
			buildSettings = {
				ALWAYS_SEARCH_USER_PATHS = NO;
				CLANG_ANALYZER_NONNULL = YES;
				CLANG_ANALYZER_NUMBER_OBJECT_CONVERSION = YES_AGGRESSIVE;
				CLANG_CXX_LANGUAGE_STANDARD = "gnu++0x";
				CLANG_CXX_LIBRARY = "libc++";
				CLANG_ENABLE_MODULES = YES;
				CLANG_ENABLE_OBJC_ARC = YES;
				CLANG_WARN_BOOL_CONVERSION = YES;
				CLANG_WARN_CONSTANT_CONVERSION = YES;
				CLANG_WARN_DIRECT_OBJC_ISA_USAGE = YES_ERROR;
				CLANG_WARN_DOCUMENTATION_COMMENTS = YES;
				CLANG_WARN_EMPTY_BODY = YES;
				CLANG_WARN_ENUM_CONVERSION = YES;
				CLANG_WARN_INFINITE_RECURSION = YES;
				CLANG_WARN_INT_CONVERSION = YES;
				CLANG_WARN_OBJC_ROOT_CLASS = YES_ERROR;
				CLANG_WARN_SUSPICIOUS_MOVE = YES;
				CLANG_WARN_UNREACHABLE_CODE = YES;
				CLANG_WARN__DUPLICATE_METHOD_MATCH = YES;
				CODE_SIGN_IDENTITY = "-";
				COPY_PHASE_STRIP = NO;
				DEBUG_INFORMATION_FORMAT = dwarf;
				ENABLE_STRICT_OBJC_MSGSEND = YES;
				ENABLE_TESTABILITY = YES;
				GCC_C_LANGUAGE_STANDARD = gnu99;
				GCC_DYNAMIC_NO_PIC = NO;
				GCC_NO_COMMON_BLOCKS = YES;
				GCC_OPTIMIZATION_LEVEL = 0;
				GCC_PREPROCESSOR_DEFINITIONS = (
					"DEBUG=1",
					"$(inherited)",
				);
				GCC_WARN_64_TO_32_BIT_CONVERSION = YES;
				GCC_WARN_ABOUT_RETURN_TYPE = YES_ERROR;
				GCC_WARN_UNDECLARED_SELECTOR = YES;
				GCC_WARN_UNINITIALIZED_AUTOS = YES_AGGRESSIVE;
				GCC_WARN_UNUSED_FUNCTION = YES;
				GCC_WARN_UNUSED_VARIABLE = YES;
				MACOSX_DEPLOYMENT_TARGET = 10.12;
				MTL_ENABLE_DEBUG_INFO = YES;
				ONLY_ACTIVE_ARCH = YES;
				SDKROOT = macosx;
			};
			name = Debug;
		};
		5BAB49591F5AB96B00CC6AAB /* Release */ = {
			isa = XCBuildConfiguration;
			buildSettings = {
				ALWAYS_SEARCH_USER_PATHS = NO;
				CLANG_ANALYZER_NONNULL = YES;
				CLANG_ANALYZER_NUMBER_OBJECT_CONVERSION = YES_AGGRESSIVE;
				CLANG_CXX_LANGUAGE_STANDARD = "gnu++0x";
				CLANG_CXX_LIBRARY = "libc++";
				CLANG_ENABLE_MODULES = YES;
				CLANG_ENABLE_OBJC_ARC = YES;
				CLANG_WARN_BOOL_CONVERSION = YES;
				CLANG_WARN_CONSTANT_CONVERSION = YES;
				CLANG_WARN_DIRECT_OBJC_ISA_USAGE = YES_ERROR;
				CLANG_WARN_DOCUMENTATION_COMMENTS = YES;
				CLANG_WARN_EMPTY_BODY = YES;
				CLANG_WARN_ENUM_CONVERSION = YES;
				CLANG_WARN_INFINITE_RECURSION = YES;
				CLANG_WARN_INT_CONVERSION = YES;
				CLANG_WARN_OBJC_ROOT_CLASS = YES_ERROR;
				CLANG_WARN_SUSPICIOUS_MOVE = YES;
				CLANG_WARN_UNREACHABLE_CODE = YES;
				CLANG_WARN__DUPLICATE_METHOD_MATCH = YES;
				CODE_SIGN_IDENTITY = "-";
				COPY_PHASE_STRIP = NO;
				DEBUG_INFORMATION_FORMAT = "dwarf-with-dsym";
				ENABLE_NS_ASSERTIONS = NO;
				ENABLE_STRICT_OBJC_MSGSEND = YES;
				GCC_C_LANGUAGE_STANDARD = gnu99;
				GCC_NO_COMMON_BLOCKS = YES;
				GCC_WARN_64_TO_32_BIT_CONVERSION = YES;
				GCC_WARN_ABOUT_RETURN_TYPE = YES_ERROR;
				GCC_WARN_UNDECLARED_SELECTOR = YES;
				GCC_WARN_UNINITIALIZED_AUTOS = YES_AGGRESSIVE;
				GCC_WARN_UNUSED_FUNCTION = YES;
				GCC_WARN_UNUSED_VARIABLE = YES;
				MACOSX_DEPLOYMENT_TARGET = 10.12;
				MTL_ENABLE_DEBUG_INFO = NO;
				SDKROOT = macosx;
			};
			name = Release;
		};
		5BAB495B1F5AB96B00CC6AAB /* Debug */ = {
			isa = XCBuildConfiguration;
			buildSettings = {
				CONFIGURATION_BUILD_DIR = "$(BUILD_DIR)/";
				DYLIB_COMPATIBILITY_VERSION = 1;
				DYLIB_CURRENT_VERSION = 1;
				EXECUTABLE_PREFIX = lib;
				MACOSX_DEPLOYMENT_TARGET = 10.12;
				PRODUCT_NAME = "$(TARGET_NAME)";
			};
			name = Debug;
		};
		5BAB495C1F5AB96B00CC6AAB /* Release */ = {
			isa = XCBuildConfiguration;
			buildSettings = {
				CONFIGURATION_BUILD_DIR = "$(BUILD_DIR)/";
				DYLIB_COMPATIBILITY_VERSION = 1;
				DYLIB_CURRENT_VERSION = 1;
				EXECUTABLE_PREFIX = lib;
				MACOSX_DEPLOYMENT_TARGET = 10.12;
				PRODUCT_NAME = "$(TARGET_NAME)";
			};
			name = Release;
		};
/* End XCBuildConfiguration section */

/* Begin XCConfigurationList section */
		5BAB49511F5AB96B00CC6AAB /* Build configuration list for PBXProject "JpegExifEditor-Core" */ = {
			isa = XCConfigurationList;
			buildConfigurations = (
				5BAB49581F5AB96B00CC6AAB /* Debug */,
				5BAB49591F5AB96B00CC6AAB /* Release */,
			);
			defaultConfigurationIsVisible = 0;
			defaultConfigurationName = Release;
		};
		5BAB495A1F5AB96B00CC6AAB /* Build configuration list for PBXNativeTarget "JpegExifEditor-Core" */ = {
			isa = XCConfigurationList;
			buildConfigurations = (
				5BAB495B1F5AB96B00CC6AAB /* Debug */,
				5BAB495C1F5AB96B00CC6AAB /* Release */,
			);
			defaultConfigurationIsVisible = 0;
			defaultConfigurationName = Release;
		};
/* End XCConfigurationList section */
	};
	rootObject = 5BAB494E1F5AB96B00CC6AAB /* Project object */;
}
